<?xml version="1.0" encoding="utf-8"?>
<Project ToolsVersion="4.0" xmlns="http://schemas.microsoft.com/developer/msbuild/2003">
  <ItemGroup>
    <Filter Include="Source Files">
      <UniqueIdentifier>{4FC737F1-C7A5-4376-A066-2A32D752A2FF}</UniqueIdentifier>
      <Extensions>cpp;c;cc;cxx;def;odl;idl;hpj;bat;asm;asmx</Extensions>
    </Filter>
    <Filter Include="Header Files">
      <UniqueIdentifier>{93995380-89BD-4b04-88EB-625FBE52EBFB}</UniqueIdentifier>
      <Extensions>h;hh;hpp;hxx;hm;inl;inc;xsd</Extensions>
    </Filter>
    <Filter Include="Resource Files">
      <UniqueIdentifier>{67DA6AB6-F800-4c08-8B7A-83BB121AAD01}</UniqueIdentifier>
      <Extensions>rc;ico;cur;bmp;dlg;rc2;rct;bin;rgs;gif;jpg;jpeg;jpe;resx;tiff;tif;png;wav;mfcribbon-ms</Extensions>
    </Filter>
    <Filter Include="Form Files">
      <UniqueIdentifier>{99349809-55BA-4b9d-BF79-8FDBB0286EB3}</UniqueIdentifier>
      <Extensions>ui</Extensions>
    </Filter>
    <Filter Include="Resource Files">
      <UniqueIdentifier>{D9D6E242-F8AF-46E4-B9FD-80ECBC20BA3E}</UniqueIdentifier>
      <Extensions>qrc;*</Extensions>
      <ParseFiles>false</ParseFiles>
    </Filter>
    <Filter Include="Stunner">
      <UniqueIdentifier>{5bb0989c-7d51-47df-a14a-60d50778a82d}</UniqueIdentifier>
    </Filter>
  </ItemGroup>
  <ItemGroup>
    <QtRcc Include="NATConnectivityAnalyzer.qrc">
      <Filter>Resource Files</Filter>
    </QtRcc>
    <QtUic Include="NATConnectivityAnalyzer.ui">
      <Filter>Resource Files</Filter>
    </QtUic>
    <QtMoc Include="NATConnectivityAnalyzer.h">
      <Filter>Header Files</Filter>
    </QtMoc>
    <ClCompile Include="NATConnectivityAnalyzer.cpp">
      <Filter>Source Files</Filter>
    </ClCompile>
  </ItemGroup>
  <ItemGroup>
    <ClCompile Include="main.cpp">
      <Filter>Source Files</Filter>
    </ClCompile>
    <ClCompile Include="Stunner\stdafx.cpp">
      <Filter>Stunner</Filter>
    </ClCompile>
    <ClCompile Include="Stunner\StunAddressAttribute.cpp">
      <Filter>Stunner</Filter>
    </ClCompile>
    <ClCompile Include="Stunner\StunAttribute.cpp">
      <Filter>Stunner</Filter>
    </ClCompile>
    <ClCompile Include="Stunner\StunBindingErrorResponseMessage.cpp">
      <Filter>Stunner</Filter>
    </ClCompile>
    <ClCompile Include="Stunner\StunBindingMessage.cpp">
      <Filter>Stunner</Filter>
    </ClCompile>
    <ClCompile Include="Stunner\StunBindingRequestMessage.cpp">
      <Filter>Stunner</Filter>
    </ClCompile>
    <ClCompile Include="Stunner\StunBindingResponseMessage.cpp">
      <Filter>Stunner</Filter>
    </ClCompile>
    <ClCompile Include="Stunner\StunChangeRequestAttribute.cpp">
      <Filter>Stunner</Filter>
    </ClCompile>
    <ClCompile Include="Stunner\StunClientHelper.cpp">
      <Filter>Stunner</Filter>
    </ClCompile>
    <ClCompile Include="Stunner\StunClientTransaction.cpp">
      <Filter>Stunner</Filter>
    </ClCompile>
    <ClCompile Include="Stunner\StunErrorCodeAttribute.cpp">
      <Filter>Stunner</Filter>
    </ClCompile>
    <ClCompile Include="Stunner\StunErrorResponseMessage.cpp">
      <Filter>Stunner</Filter>
    </ClCompile>
    <ClCompile Include="Stunner\StunGlobals.cpp">
      <Filter>Stunner</Filter>
    </ClCompile>
    <ClCompile Include="Stunner\StunHeader.cpp">
      <Filter>Stunner</Filter>
    </ClCompile>
    <ClCompile Include="Stunner\StunMessage.cpp">
      <Filter>Stunner</Filter>
    </ClCompile>
    <ClCompile Include="Stunner\StunPasswordAttribute.cpp">
      <Filter>Stunner</Filter>
    </ClCompile>
    <ClCompile Include="Stunner\StunSharedSecretErrorResponseMessage.cpp">
      <Filter>Stunner</Filter>
    </ClCompile>
    <ClCompile Include="Stunner\StunSharedSecretRequestMessage.cpp">
      <Filter>Stunner</Filter>
    </ClCompile>
    <ClCompile Include="Stunner\StunSharedSecretResponseMessage.cpp">
      <Filter>Stunner</Filter>
    </ClCompile>
    <ClCompile Include="Stunner\StunTransaction.cpp">
      <Filter>Stunner</Filter>
    </ClCompile>
    <ClCompile Include="Stunner\StunUnknownAttributes.cpp">
      <Filter>Stunner</Filter>
    </ClCompile>
    <ClCompile Include="Stunner\StunUsernameAttribute.cpp">
      <Filter>Stunner</Filter>
    </ClCompile>
    <ClCompile Include="NATConnectivityAnalyzerLogic.cpp">
      <Filter>Source Files</Filter>
    </ClCompile>
  </ItemGroup>
  <ItemGroup>
    <ClInclude Include="Stunner\resource.h">
      <Filter>Stunner</Filter>
    </ClInclude>
    <ClInclude Include="Stunner\stdafx.h">
      <Filter>Stunner</Filter>
    </ClInclude>
    <ClInclude Include="Stunner\StunAddressAttribute.h">
      <Filter>Stunner</Filter>
    </ClInclude>
    <ClInclude Include="Stunner\StunAttribute.h">
      <Filter>Stunner</Filter>
    </ClInclude>
    <ClInclude Include="Stunner\StunBindingErrorResponseMessage.h">
      <Filter>Stunner</Filter>
    </ClInclude>
    <ClInclude Include="Stunner\StunBindingMessage.h">
      <Filter>Stunner</Filter>
    </ClInclude>
    <ClInclude Include="Stunner\StunBindingRequestMessage.h">
      <Filter>Stunner</Filter>
    </ClInclude>
    <ClInclude Include="Stunner\StunBindingResponseMessage.h">
      <Filter>Stunner</Filter>
    </ClInclude>
    <ClInclude Include="Stunner\StunChangeRequestAttribute.h">
      <Filter>Stunner</Filter>
    </ClInclude>
    <ClInclude Include="Stunner\StunClientHelper.h">
      <Filter>Stunner</Filter>
    </ClInclude>
    <ClInclude Include="Stunner\StunClientTransaction.h">
      <Filter>Stunner</Filter>
    </ClInclude>
    <ClInclude Include="Stunner\StunErrorCodeAttribute.h">
      <Filter>Stunner</Filter>
    </ClInclude>
    <ClInclude Include="Stunner\StunErrorResponseMessage.h">
      <Filter>Stunner</Filter>
    </ClInclude>
    <ClInclude Include="Stunner\StunGlobals.h">
      <Filter>Stunner</Filter>
    </ClInclude>
    <ClInclude Include="Stunner\StunHeader.h">
      <Filter>Stunner</Filter>
    </ClInclude>
    <ClInclude Include="Stunner\StunMessage.h">
      <Filter>Stunner</Filter>
    </ClInclude>
    <ClInclude Include="Stunner\StunPasswordAttribute.h">
      <Filter>Stunner</Filter>
    </ClInclude>
    <ClInclude Include="Stunner\StunSharedSecretErrorResponseMessage.h">
      <Filter>Stunner</Filter>
    </ClInclude>
    <ClInclude Include="Stunner\StunSharedSecretRequestMessage.h">
      <Filter>Stunner</Filter>
    </ClInclude>
    <ClInclude Include="Stunner\StunSharedSecretResponseMessage.h">
      <Filter>Stunner</Filter>
    </ClInclude>
    <ClInclude Include="Stunner\StunTransaction.h">
      <Filter>Stunner</Filter>
    </ClInclude>
    <ClInclude Include="Stunner\StunUnknownAttributes.h">
      <Filter>Stunner</Filter>
    </ClInclude>
    <ClInclude Include="Stunner\StunUsernameAttribute.h">
      <Filter>Stunner</Filter>
    </ClInclude>
    <ClInclude Include="resource.h">
      <Filter>Header Files</Filter>
    </ClInclude>
  </ItemGroup>
  <ItemGroup>
    <QtMoc Include="NATConnectivityAnalyzerLogic.h">
      <Filter>Header Files</Filter>
    </QtMoc>
  </ItemGroup>
  <ItemGroup>
    <ResourceCompile Include="NATConnectivityAnalyzer.rc">
      <Filter>Resource Files</Filter>
    </ResourceCompile>
  </ItemGroup>
  <ItemGroup>
    <Image Include="NATicon.ico">
      <Filter>Resource Files</Filter>
    </Image>
  </ItemGroup>
</Project>