<?xml version="1.0" encoding="utf-8"?>
<Project xmlns="http://schemas.microsoft.com/developer/msbuild/2003">
  <ItemGroup>
    <Filter Include="Generated Files">
      <UniqueIdentifier>{71ED8ED8-ACB9-4CE9-BBE1-E00B30144E11}</UniqueIdentifier>
      <Extensions>cpp;c;cxx;moc;h;def;odl;idl;res;</Extensions>
    </Filter>
    <Filter Include="Generated Files">
      <UniqueIdentifier>{71ED8ED8-ACB9-4CE9-BBE1-E00B30144E11}</UniqueIdentifier>
      <Extensions>cpp;c;cxx;moc;h;def;odl;idl;res;</Extensions>
    </Filter>
    <Filter Include="Header Files">
      <UniqueIdentifier>{93995380-89BD-4b04-88EB-625FBE52EBFB}</UniqueIdentifier>
      <Extensions>h;hpp;hxx;hm;inl;inc;xsd</Extensions>
    </Filter>
    <Filter Include="Header Files">
      <UniqueIdentifier>{93995380-89BD-4b04-88EB-625FBE52EBFB}</UniqueIdentifier>
      <Extensions>h;hpp;hxx;hm;inl;inc;xsd</Extensions>
    </Filter>
    <Filter Include="Resource Files">
      <UniqueIdentifier>{D9D6E242-F8AF-46E4-B9FD-80ECBC20BA3E}</UniqueIdentifier>
      <Extensions>qrc;*</Extensions>
      <ParseFiles>false</ParseFiles>
    </Filter>
    <Filter Include="Resource Files">
      <UniqueIdentifier>{D9D6E242-F8AF-46E4-B9FD-80ECBC20BA3E}</UniqueIdentifier>
      <Extensions>qrc;*</Extensions>
      <ParseFiles>false</ParseFiles>
    </Filter>
    <Filter Include="Source Files">
      <UniqueIdentifier>{4FC737F1-C7A5-4376-A066-2A32D752A2FF}</UniqueIdentifier>
      <Extensions>cpp;c;cxx;def;odl;idl;hpj;bat;asm;asmx</Extensions>
    </Filter>
    <Filter Include="Source Files">
      <UniqueIdentifier>{4FC737F1-C7A5-4376-A066-2A32D752A2FF}</UniqueIdentifier>
      <Extensions>cpp;c;cxx;def;odl;idl;hpj;bat;asm;asmx</Extensions>
    </Filter>
  </ItemGroup>
  <ItemGroup>
    <ClCompile Include="NATConnectivityAnalyzerLogic.cpp">
      <Filter>Source Files</Filter>
    </ClCompile>
    <ClCompile Include="NATConnectivityAnalyzerLogicRelay.cpp">
      <Filter>Source Files</Filter>
    </ClCompile>
    <ClCompile Include="Stunner\StunAddressAttribute.cpp">
      <Filter>Source Files</Filter>
    </ClCompile>
    <ClCompile Include="Stunner\StunAttribute.cpp">
      <Filter>Source Files</Filter>
    </ClCompile>
    <ClCompile Include="Stunner\StunBindingErrorResponseMessage.cpp">
      <Filter>Source Files</Filter>
    </ClCompile>
    <ClCompile Include="Stunner\StunBindingMessage.cpp">
      <Filter>Source Files</Filter>
    </ClCompile>
    <ClCompile Include="Stunner\StunBindingRequestMessage.cpp">
      <Filter>Source Files</Filter>
    </ClCompile>
    <ClCompile Include="Stunner\StunBindingResponseMessage.cpp">
      <Filter>Source Files</Filter>
    </ClCompile>
    <ClCompile Include="Stunner\StunChangeRequestAttribute.cpp">
      <Filter>Source Files</Filter>
    </ClCompile>
    <ClCompile Include="Stunner\StunClientHelper.cpp">
      <Filter>Source Files</Filter>
    </ClCompile>
    <ClCompile Include="Stunner\StunClientTransaction.cpp">
      <Filter>Source Files</Filter>
    </ClCompile>
    <ClCompile Include="Stunner\StunErrorCodeAttribute.cpp">
      <Filter>Source Files</Filter>
    </ClCompile>
    <ClCompile Include="Stunner\StunErrorResponseMessage.cpp">
      <Filter>Source Files</Filter>
    </ClCompile>
    <ClCompile Include="Stunner\StunGlobals.cpp">
      <Filter>Source Files</Filter>
    </ClCompile>
    <ClCompile Include="Stunner\StunHeader.cpp">
      <Filter>Source Files</Filter>
    </ClCompile>
    <ClCompile Include="Stunner\StunMessage.cpp">
      <Filter>Source Files</Filter>
    </ClCompile>
    <ClCompile Include="Stunner\StunPasswordAttribute.cpp">
      <Filter>Source Files</Filter>
    </ClCompile>
    <ClCompile Include="Stunner\StunSharedSecretErrorResponseMessage.cpp">
      <Filter>Source Files</Filter>
    </ClCompile>
    <ClCompile Include="Stunner\StunSharedSecretRequestMessage.cpp">
      <Filter>Source Files</Filter>
    </ClCompile>
    <ClCompile Include="Stunner\StunSharedSecretResponseMessage.cpp">
      <Filter>Source Files</Filter>
    </ClCompile>
    <ClCompile Include="Stunner\StunTransaction.cpp">
      <Filter>Source Files</Filter>
    </ClCompile>
    <ClCompile Include="Stunner\StunUnknownAttributes.cpp">
      <Filter>Source Files</Filter>
    </ClCompile>
    <ClCompile Include="Stunner\StunUsernameAttribute.cpp">
      <Filter>Source Files</Filter>
    </ClCompile>
    <ClCompile Include="main.cpp">
      <Filter>Source Files</Filter>
    </ClCompile>
    <ClCompile Include="Stunner\stdafx.cpp">
      <Filter>Source Files</Filter>
    </ClCompile>
  </ItemGroup>
  <ItemGroup>
    <QtMoc Include="NATConnectivityAnalyzerLogic.h">
      <Filter>Header Files</Filter>
    </QtMoc>
    <QtMoc Include="NATConnectivityAnalyzerLogicRelay.h">
      <Filter>Header Files</Filter>
    </QtMoc>
    <ClInclude Include="Stunner\StunAddressAttribute.h">
      <Filter>Header Files</Filter>
    </ClInclude>
    <ClInclude Include="Stunner\StunAttribute.h">
      <Filter>Header Files</Filter>
    </ClInclude>
    <ClInclude Include="Stunner\StunBindingErrorResponseMessage.h">
      <Filter>Header Files</Filter>
    </ClInclude>
    <ClInclude Include="Stunner\StunBindingMessage.h">
      <Filter>Header Files</Filter>
    </ClInclude>
    <ClInclude Include="Stunner\StunBindingRequestMessage.h">
      <Filter>Header Files</Filter>
    </ClInclude>
    <ClInclude Include="Stunner\StunBindingResponseMessage.h">
      <Filter>Header Files</Filter>
    </ClInclude>
    <ClInclude Include="Stunner\StunChangeRequestAttribute.h">
      <Filter>Header Files</Filter>
    </ClInclude>
    <ClInclude Include="Stunner\StunClientHelper.h">
      <Filter>Header Files</Filter>
    </ClInclude>
    <ClInclude Include="Stunner\StunClientTransaction.h">
      <Filter>Header Files</Filter>
    </ClInclude>
    <ClInclude Include="Stunner\StunErrorCodeAttribute.h">
      <Filter>Header Files</Filter>
    </ClInclude>
    <ClInclude Include="Stunner\StunErrorResponseMessage.h">
      <Filter>Header Files</Filter>
    </ClInclude>
    <ClInclude Include="Stunner\StunGlobals.h">
      <Filter>Header Files</Filter>
    </ClInclude>
    <ClInclude Include="Stunner\StunHeader.h">
      <Filter>Header Files</Filter>
    </ClInclude>
    <ClInclude Include="Stunner\StunMessage.h">
      <Filter>Header Files</Filter>
    </ClInclude>
    <ClInclude Include="Stunner\StunPasswordAttribute.h">
      <Filter>Header Files</Filter>
    </ClInclude>
    <ClInclude Include="Stunner\StunSharedSecretErrorResponseMessage.h">
      <Filter>Header Files</Filter>
    </ClInclude>
    <ClInclude Include="Stunner\StunSharedSecretRequestMessage.h">
      <Filter>Header Files</Filter>
    </ClInclude>
    <ClInclude Include="Stunner\StunSharedSecretResponseMessage.h">
      <Filter>Header Files</Filter>
    </ClInclude>
    <ClInclude Include="Stunner\StunTransaction.h">
      <Filter>Header Files</Filter>
    </ClInclude>
    <ClInclude Include="Stunner\StunUnknownAttributes.h">
      <Filter>Header Files</Filter>
    </ClInclude>
    <ClInclude Include="Stunner\StunUsernameAttribute.h">
      <Filter>Header Files</Filter>
    </ClInclude>
    <ClInclude Include="Stunner\resource.h">
      <Filter>Header Files</Filter>
    </ClInclude>
    <ClInclude Include="Stunner\stdafx.h">
      <Filter>Header Files</Filter>
    </ClInclude>
  </ItemGroup>
  <ItemGroup>
    
    
    
    
    <CustomBuild Include="debug\moc_predefs.h.cbt">
      <Filter>Generated Files</Filter>
    </CustomBuild>
    <CustomBuild Include="release\moc_predefs.h.cbt">
      <Filter>Generated Files</Filter>
    </CustomBuild>
    <ClCompile Include="C:\Users\bartle\Source\Repos\NATConnectivityAnalyzer\natconnectivityanalyzer_plugin_import.cpp">
      <Filter>Generated Files</Filter>
    </ClCompile>
    <ClCompile Include="C:\Users\bartle\Source\Repos\NATConnectivityAnalyzer\natconnectivityanalyzer_qml_plugin_import.cpp">
      <Filter>Generated Files</Filter>
    </ClCompile>
    
    
  </ItemGroup>
  <ItemGroup>
    <None Include="Intro.qml">
      <Filter>Resource Files</Filter>
    </None>
    <None Include="Results.qml">
      <Filter>Resource Files</Filter>
    </None>
    <None Include="main.qml">
      <Filter>Resource Files</Filter>
    </None>
    <QtRcc Include="qml.qrc">
      <Filter>Resource Files</Filter>
    </QtRcc>
    <None Include="qtquickcontrols2.conf">
      <Filter>Resource Files</Filter>
    </None>
  </ItemGroup>
</Project>